
Microsoft Visual Studio Solution File, Format Version 12.00
# Visual Studio 15
VisualStudioVersion = 15.0.28010.2036
MinimumVisualStudioVersion = 10.0.40219.1
Project("{FAE04EC0-301F-11D3-BF4B-00C04F79EFBC}") = "01. Count Real Numbers", "01. Count Real Numbers\01. Count Real Numbers.csproj", "{2E6A489C-36F4-44E6-81C2-1270D931AC56}"
EndProject
Project("{FAE04EC0-301F-11D3-BF4B-00C04F79EFBC}") = "02. Odd Occurrences", "02. Odd Occurrences\02. Odd Occurrences.csproj", "{FAC9A5B0-DF6A-44BE-B369-F3A23606C38C}"
EndProject
Project("{FAE04EC0-301F-11D3-BF4B-00C04F79EFBC}") = "03. Word Synonyms", "03. Word Synonyms\03. Word Synonyms.csproj", "{356D2C64-3DCB-42F1-9612-BEAE2DAA7C61}"
EndProject
Project("{FAE04EC0-301F-11D3-BF4B-00C04F79EFBC}") = "04. Largest 3 Numbers", "04. Largest 3 Numbers\04. Largest 3 Numbers.csproj", "{F151C654-03A7-48FB-82DF-FD5BB8850D14}"
EndProject
Project("{FAE04EC0-301F-11D3-BF4B-00C04F79EFBC}") = "05. Word Filter", "05. Word Filter\05. Word Filter.csproj", "{4167F635-AE16-44B0-8171-E0C995F108C9}"
EndProject
Global
	GlobalSection(SolutionConfigurationPlatforms) = preSolution
		Debug|Any CPU = Debug|Any CPU
		Release|Any CPU = Release|Any CPU
	EndGlobalSection
	GlobalSection(ProjectConfigurationPlatforms) = postSolution
		{2E6A489C-36F4-44E6-81C2-1270D931AC56}.Debug|Any CPU.ActiveCfg = Debug|Any CPU
		{2E6A489C-36F4-44E6-81C2-1270D931AC56}.Debug|Any CPU.Build.0 = Debug|Any CPU
		{2E6A489C-36F4-44E6-81C2-1270D931AC56}.Release|Any CPU.ActiveCfg = Release|Any CPU
		{2E6A489C-36F4-44E6-81C2-1270D931AC56}.Release|Any CPU.Build.0 = Release|Any CPU
		{FAC9A5B0-DF6A-44BE-B369-F3A23606C38C}.Debug|Any CPU.ActiveCfg = Debug|Any CPU
		{FAC9A5B0-DF6A-44BE-B369-F3A23606C38C}.Debug|Any CPU.Build.0 = Debug|Any CPU
		{FAC9A5B0-DF6A-44BE-B369-F3A23606C38C}.Release|Any CPU.ActiveCfg = Release|Any CPU
		{FAC9A5B0-DF6A-44BE-B369-F3A23606C38C}.Release|Any CPU.Build.0 = Release|Any CPU
		{356D2C64-3DCB-42F1-9612-BEAE2DAA7C61}.Debug|Any CPU.ActiveCfg = Debug|Any CPU
		{356D2C64-3DCB-42F1-9612-BEAE2DAA7C61}.Debug|Any CPU.Build.0 = Debug|Any CPU
		{356D2C64-3DCB-42F1-9612-BEAE2DAA7C61}.Release|Any CPU.ActiveCfg = Release|Any CPU
		{356D2C64-3DCB-42F1-9612-BEAE2DAA7C61}.Release|Any CPU.Build.0 = Release|Any CPU
		{F151C654-03A7-48FB-82DF-FD5BB8850D14}.Debug|Any CPU.ActiveCfg = Debug|Any CPU
		{F151C654-03A7-48FB-82DF-FD5BB8850D14}.Debug|Any CPU.Build.0 = Debug|Any CPU
		{F151C654-03A7-48FB-82DF-FD5BB8850D14}.Release|Any CPU.ActiveCfg = Release|Any CPU
		{F151C654-03A7-48FB-82DF-FD5BB8850D14}.Release|Any CPU.Build.0 = Release|Any CPU
		{4167F635-AE16-44B0-8171-E0C995F108C9}.Debug|Any CPU.ActiveCfg = Debug|Any CPU
		{4167F635-AE16-44B0-8171-E0C995F108C9}.Debug|Any CPU.Build.0 = Debug|Any CPU
		{4167F635-AE16-44B0-8171-E0C995F108C9}.Release|Any CPU.ActiveCfg = Release|Any CPU
		{4167F635-AE16-44B0-8171-E0C995F108C9}.Release|Any CPU.Build.0 = Release|Any CPU
	EndGlobalSection
	GlobalSection(SolutionProperties) = preSolution
		HideSolutionNode = FALSE
	EndGlobalSection
	GlobalSection(ExtensibilityGlobals) = postSolution
		SolutionGuid = {973EEE15-7338-492B-BE6B-C3DE63727C9D}
	EndGlobalSection
EndGlobal
