
Microsoft Visual Studio Solution File, Format Version 12.00
# Visual Studio 15
VisualStudioVersion = 15.0.28010.2036
MinimumVisualStudioVersion = 10.0.40219.1
Project("{9A19103F-16F7-4668-BE54-9A1E7A4F7556}") = "01.Sort Numbers", "Sort Numbers\01.Sort Numbers.csproj", "{43488086-0AD2-4505-8EF9-B8B54CACE5A7}"
EndProject
Project("{9A19103F-16F7-4668-BE54-9A1E7A4F7556}") = "02.English N of the LD", "02.English N of the LD\02.English N of the LD.csproj", "{6CF7829F-2A10-47A4-AB28-46F3F69859AA}"
EndProject
Project("{9A19103F-16F7-4668-BE54-9A1E7A4F7556}") = "03.Gaming Store", "Gaming Store\03.Gaming Store.csproj", "{6A95DF23-B698-479E-B776-B2656C390984}"
EndProject
Project("{9A19103F-16F7-4668-BE54-9A1E7A4F7556}") = "04.Reverse String", "Reverse String\04.Reverse String.csproj", "{C9FB652A-16EE-481F-84D7-EA099FCC7794}"
EndProject
Project("{9A19103F-16F7-4668-BE54-9A1E7A4F7556}") = "05.Messages", "Messages\05.Messages.csproj", "{A4E3828E-C747-486B-80E8-847C8CC52853}"
EndProject
Global
	GlobalSection(SolutionConfigurationPlatforms) = preSolution
		Debug|Any CPU = Debug|Any CPU
		Release|Any CPU = Release|Any CPU
	EndGlobalSection
	GlobalSection(ProjectConfigurationPlatforms) = postSolution
		{43488086-0AD2-4505-8EF9-B8B54CACE5A7}.Debug|Any CPU.ActiveCfg = Debug|Any CPU
		{43488086-0AD2-4505-8EF9-B8B54CACE5A7}.Debug|Any CPU.Build.0 = Debug|Any CPU
		{43488086-0AD2-4505-8EF9-B8B54CACE5A7}.Release|Any CPU.ActiveCfg = Release|Any CPU
		{43488086-0AD2-4505-8EF9-B8B54CACE5A7}.Release|Any CPU.Build.0 = Release|Any CPU
		{6CF7829F-2A10-47A4-AB28-46F3F69859AA}.Debug|Any CPU.ActiveCfg = Debug|Any CPU
		{6CF7829F-2A10-47A4-AB28-46F3F69859AA}.Debug|Any CPU.Build.0 = Debug|Any CPU
		{6CF7829F-2A10-47A4-AB28-46F3F69859AA}.Release|Any CPU.ActiveCfg = Release|Any CPU
		{6CF7829F-2A10-47A4-AB28-46F3F69859AA}.Release|Any CPU.Build.0 = Release|Any CPU
		{6A95DF23-B698-479E-B776-B2656C390984}.Debug|Any CPU.ActiveCfg = Debug|Any CPU
		{6A95DF23-B698-479E-B776-B2656C390984}.Debug|Any CPU.Build.0 = Debug|Any CPU
		{6A95DF23-B698-479E-B776-B2656C390984}.Release|Any CPU.ActiveCfg = Release|Any CPU
		{6A95DF23-B698-479E-B776-B2656C390984}.Release|Any CPU.Build.0 = Release|Any CPU
		{C9FB652A-16EE-481F-84D7-EA099FCC7794}.Debug|Any CPU.ActiveCfg = Debug|Any CPU
		{C9FB652A-16EE-481F-84D7-EA099FCC7794}.Debug|Any CPU.Build.0 = Debug|Any CPU
		{C9FB652A-16EE-481F-84D7-EA099FCC7794}.Release|Any CPU.ActiveCfg = Release|Any CPU
		{C9FB652A-16EE-481F-84D7-EA099FCC7794}.Release|Any CPU.Build.0 = Release|Any CPU
		{A4E3828E-C747-486B-80E8-847C8CC52853}.Debug|Any CPU.ActiveCfg = Debug|Any CPU
		{A4E3828E-C747-486B-80E8-847C8CC52853}.Debug|Any CPU.Build.0 = Debug|Any CPU
		{A4E3828E-C747-486B-80E8-847C8CC52853}.Release|Any CPU.ActiveCfg = Release|Any CPU
		{A4E3828E-C747-486B-80E8-847C8CC52853}.Release|Any CPU.Build.0 = Release|Any CPU
	EndGlobalSection
	GlobalSection(SolutionProperties) = preSolution
		HideSolutionNode = FALSE
	EndGlobalSection
	GlobalSection(ExtensibilityGlobals) = postSolution
		SolutionGuid = {AE36C3DA-2227-43CB-A668-862A8756D81C}
	EndGlobalSection
EndGlobal
