
Microsoft Visual Studio Solution File, Format Version 12.00
# Visual Studio Version 16
VisualStudioVersion = 16.0.28803.156
MinimumVisualStudioVersion = 10.0.40219.1
Project("{FAE04EC0-301F-11D3-BF4B-00C04F79EFBC}") = "01. Arriving in Kathmandu", "01. Arriving in Kathmandu\01. Arriving in Kathmandu.csproj", "{125D32C1-BDD5-445E-A972-0DE1E857FB22}"
EndProject
Project("{FAE04EC0-301F-11D3-BF4B-00C04F79EFBC}") = "02. On the Way to Annapur", "02. On the Way to Annapur\02. On the Way to Annapur.csproj", "{7AC31E74-CC57-499A-A049-2863477E95F2}"
EndProject
Global
	GlobalSection(SolutionConfigurationPlatforms) = preSolution
		Debug|Any CPU = Debug|Any CPU
		Release|Any CPU = Release|Any CPU
	EndGlobalSection
	GlobalSection(ProjectConfigurationPlatforms) = postSolution
		{125D32C1-BDD5-445E-A972-0DE1E857FB22}.Debug|Any CPU.ActiveCfg = Debug|Any CPU
		{125D32C1-BDD5-445E-A972-0DE1E857FB22}.Debug|Any CPU.Build.0 = Debug|Any CPU
		{125D32C1-BDD5-445E-A972-0DE1E857FB22}.Release|Any CPU.ActiveCfg = Release|Any CPU
		{125D32C1-BDD5-445E-A972-0DE1E857FB22}.Release|Any CPU.Build.0 = Release|Any CPU
		{7AC31E74-CC57-499A-A049-2863477E95F2}.Debug|Any CPU.ActiveCfg = Debug|Any CPU
		{7AC31E74-CC57-499A-A049-2863477E95F2}.Debug|Any CPU.Build.0 = Debug|Any CPU
		{7AC31E74-CC57-499A-A049-2863477E95F2}.Release|Any CPU.ActiveCfg = Release|Any CPU
		{7AC31E74-CC57-499A-A049-2863477E95F2}.Release|Any CPU.Build.0 = Release|Any CPU
	EndGlobalSection
	GlobalSection(SolutionProperties) = preSolution
		HideSolutionNode = FALSE
	EndGlobalSection
	GlobalSection(ExtensibilityGlobals) = postSolution
		SolutionGuid = {59041E88-88E0-49E1-9564-585789669A1D}
	EndGlobalSection
EndGlobal
