
Microsoft Visual Studio Solution File, Format Version 12.00
# Visual Studio Version 16
VisualStudioVersion = 16.0.28803.156
MinimumVisualStudioVersion = 10.0.40219.1
Project("{9A19103F-16F7-4668-BE54-9A1E7A4F7556}") = "01. Concert", "01. Concert\01. Concert.csproj", "{A51C881C-AC42-46EC-B992-66FAAC078E7C}"
EndProject
Project("{FAE04EC0-301F-11D3-BF4B-00C04F79EFBC}") = "02. Song Encryption", "02. Song Encryption\02. Song Encryption.csproj", "{133ABC77-794B-442D-BD9A-FC85BB098F9C}"
EndProject
Global
	GlobalSection(SolutionConfigurationPlatforms) = preSolution
		Debug|Any CPU = Debug|Any CPU
		Release|Any CPU = Release|Any CPU
	EndGlobalSection
	GlobalSection(ProjectConfigurationPlatforms) = postSolution
		{A51C881C-AC42-46EC-B992-66FAAC078E7C}.Debug|Any CPU.ActiveCfg = Debug|Any CPU
		{A51C881C-AC42-46EC-B992-66FAAC078E7C}.Debug|Any CPU.Build.0 = Debug|Any CPU
		{A51C881C-AC42-46EC-B992-66FAAC078E7C}.Release|Any CPU.ActiveCfg = Release|Any CPU
		{A51C881C-AC42-46EC-B992-66FAAC078E7C}.Release|Any CPU.Build.0 = Release|Any CPU
		{133ABC77-794B-442D-BD9A-FC85BB098F9C}.Debug|Any CPU.ActiveCfg = Debug|Any CPU
		{133ABC77-794B-442D-BD9A-FC85BB098F9C}.Debug|Any CPU.Build.0 = Debug|Any CPU
		{133ABC77-794B-442D-BD9A-FC85BB098F9C}.Release|Any CPU.ActiveCfg = Release|Any CPU
		{133ABC77-794B-442D-BD9A-FC85BB098F9C}.Release|Any CPU.Build.0 = Release|Any CPU
	EndGlobalSection
	GlobalSection(SolutionProperties) = preSolution
		HideSolutionNode = FALSE
	EndGlobalSection
	GlobalSection(ExtensibilityGlobals) = postSolution
		SolutionGuid = {8D82DB46-274F-4AA1-9BD4-E39152A29156}
	EndGlobalSection
EndGlobal
